
Microsoft Visual Studio Solution File, Format Version 12.00
# Visual Studio Version 16
VisualStudioVersion = 16.0.31410.357
MinimumVisualStudioVersion = 10.0.40219.1
Project("{8BC9CEB8-8B4A-11D0-8D11-00A0C91BC942}") = "CIrcleInSquare_Two", "CIrcleInSquare_Two\CIrcleInSquare_Two.vcxproj", "{4F12E5B8-DCEF-48FD-B6A2-6A1599DDB9AC}"
EndProject
Global
	GlobalSection(SolutionConfigurationPlatforms) = preSolution
		Debug|x64 = Debug|x64
		Debug|x86 = Debug|x86
		Release|x64 = Release|x64
		Release|x86 = Release|x86
	EndGlobalSection
	GlobalSection(ProjectConfigurationPlatforms) = postSolution
		{4F12E5B8-DCEF-48FD-B6A2-6A1599DDB9AC}.Debug|x64.ActiveCfg = Debug|x64
		{4F12E5B8-DCEF-48FD-B6A2-6A1599DDB9AC}.Debug|x64.Build.0 = Debug|x64
		{4F12E5B8-DCEF-48FD-B6A2-6A1599DDB9AC}.Debug|x86.ActiveCfg = Debug|Win32
		{4F12E5B8-DCEF-48FD-B6A2-6A1599DDB9AC}.Debug|x86.Build.0 = Debug|Win32
		{4F12E5B8-DCEF-48FD-B6A2-6A1599DDB9AC}.Release|x64.ActiveCfg = Release|x64
		{4F12E5B8-DCEF-48FD-B6A2-6A1599DDB9AC}.Release|x64.Build.0 = Release|x64
		{4F12E5B8-DCEF-48FD-B6A2-6A1599DDB9AC}.Release|x86.ActiveCfg = Release|Win32
		{4F12E5B8-DCEF-48FD-B6A2-6A1599DDB9AC}.Release|x86.Build.0 = Release|Win32
	EndGlobalSection
	GlobalSection(SolutionProperties) = preSolution
		HideSolutionNode = FALSE
	EndGlobalSection
	GlobalSection(ExtensibilityGlobals) = postSolution
		SolutionGuid = {B4B7A0FB-EC4C-4C98-BE06-EC33DB69B52F}
	EndGlobalSection
EndGlobal
